{
    "_readme": [
        "This file locks the dependencies of your project to a known state",
        "Read more about it at https://getcomposer.org/doc/01-basic-usage.md#installing-dependencies",
        "This file is @generated automatically"
    ],
    "content-hash": "e613be8a1fdc658b5028d3e25d3d0f31",
    "packages": [],
    "packages-dev": [
        {
            "name": "swoole/ide-helper",
            "version": "6.1.7",
            "source": {
                "type": "git",
                "url": "https://github.com/swoole/ide-helper.git",
                "reference": "50fde80012b452c3286ac99a6c0bfe18a60936ab"
            },
            "dist": {
                "type": "zip",
                "url": "https://api.github.com/repos/swoole/ide-helper/zipball/50fde80012b452c3286ac99a6c0bfe18a60936ab",
                "reference": "50fde80012b452c3286ac99a6c0bfe18a60936ab",
                "shasum": ""
            },
            "type": "library",
            "notification-url": "https://packagist.org/downloads/",
            "license": [
                "Apache-2.0"
            ],
            "authors": [
                {
                    "name": "Team Swoole",
                    "email": "team@swoole.com"
                }
            ],
            "description": "IDE help files for Swoole.",
            "support": {
                "issues": "https://github.com/swoole/ide-helper/issues",
                "source": "https://github.com/swoole/ide-helper/tree/6.1.7"
            },
            "time": "2026-07-25T07:41:43+00:00"
        }
    ],
    "aliases": [],
    "minimum-stability": "stable",
    "stability-flags": {},
    "prefer-stable": false,
    "prefer-lowest": false,
    "platform": {
        "php": ">=8.2",
        "ext-swoole": ">=5.0",
        "ext-redis": "*",
        "ext-json": "*",
        "ext-mbstring": "*"
    },
    "platform-dev": {},
    "platform-overrides": {
        "ext-swoole": "5.0"
    },
    "plugin-api-version": "2.9.0"
}
